
Microsoft Visual Studio Solution File, Format Version 12.00
# Visual Studio 14
VisualStudioVersion = 14.0.22823.1
MinimumVisualStudioVersion = 10.0.40219.1
Project("{FAE04EC0-301F-11D3-BF4B-00C04F79EFBC}") = "AP_ImageSearch", "AP_ImageSearch\AP_ImageSearch.csproj", "{3CEE60FA-A399-4FF9-B0BE-D4D4656F6E8A}"
EndProject
Global
	GlobalSection(SolutionConfigurationPlatforms) = preSolution
		Debug|Any CPU = Debug|Any CPU
		Release|Any CPU = Release|Any CPU
	EndGlobalSection
	GlobalSection(ProjectConfigurationPlatforms) = postSolution
		{3CEE60FA-A399-4FF9-B0BE-D4D4656F6E8A}.Debug|Any CPU.ActiveCfg = Debug|Any CPU
		{3CEE60FA-A399-4FF9-B0BE-D4D4656F6E8A}.Debug|Any CPU.Build.0 = Debug|Any CPU
		{3CEE60FA-A399-4FF9-B0BE-D4D4656F6E8A}.Release|Any CPU.ActiveCfg = Release|Any CPU
		{3CEE60FA-A399-4FF9-B0BE-D4D4656F6E8A}.Release|Any CPU.Build.0 = Release|Any CPU
	EndGlobalSection
	GlobalSection(SolutionProperties) = preSolution
		HideSolutionNode = FALSE
	EndGlobalSection
	GlobalSection(NestedProjects) = preSolution
		{354E683C-B7CE-45F1-A081-5C7E6EE21906} = {C11658D5-2EE3-4FFC-A2DF-11A7714D1856}
	EndGlobalSection
EndGlobal
